
Microsoft Visual Studio Solution File, Format Version 12.00
# Visual Studio Version 17
VisualStudioVersion = 17.7.34018.315
MinimumVisualStudioVersion = 10.0.40219.1
Project("{FAE04EC0-301F-11D3-BF4B-00C04F79EFBC}") = "PizzaStore", "PizzaStore\PizzaStore.csproj", "{29994CC5-1CF3-41BC-B0B9-1C9E639463CC}"
EndProject
Global
	GlobalSection(SolutionConfigurationPlatforms) = preSolution
		Debug|Any CPU = Debug|Any CPU
		Release|Any CPU = Release|Any CPU
	EndGlobalSection
	GlobalSection(ProjectConfigurationPlatforms) = postSolution
		{29994CC5-1CF3-41BC-B0B9-1C9E639463CC}.Debug|Any CPU.ActiveCfg = Debug|Any CPU
		{29994CC5-1CF3-41BC-B0B9-1C9E639463CC}.Debug|Any CPU.Build.0 = Debug|Any CPU
		{29994CC5-1CF3-41BC-B0B9-1C9E639463CC}.Release|Any CPU.ActiveCfg = Release|Any CPU
		{29994CC5-1CF3-41BC-B0B9-1C9E639463CC}.Release|Any CPU.Build.0 = Release|Any CPU
	EndGlobalSection
	GlobalSection(SolutionProperties) = preSolution
		HideSolutionNode = FALSE
	EndGlobalSection
	GlobalSection(ExtensibilityGlobals) = postSolution
		SolutionGuid = {AD61DFB0-DF41-4F97-82E9-5AA148087A14}
	EndGlobalSection
EndGlobal
